
Microsoft Visual Studio Solution File, Format Version 12.00
# Visual Studio Version 16
VisualStudioVersion = 16.0.30804.86
MinimumVisualStudioVersion = 10.0.40219.1
Project("{2150E333-8FDC-42A3-9474-1A3956D46DE8}") = "01SOLID", "01SOLID", "{13A7FFDF-CDEC-4088-968F-258E2B43BF49}"
EndProject
Project("{9A19103F-16F7-4668-BE54-9A1E7A4F7556}") = "Ex11_SingleResponsibilityPrinciple", "SOLID\Ex01_SingleResponsibilityPrinciple\Ex11_SingleResponsibilityPrinciple.csproj", "{22D441AA-6443-4544-B936-7E0585D05024}"
EndProject
Project("{9A19103F-16F7-4668-BE54-9A1E7A4F7556}") = "Ex12_SingleResponsibilityPrinciple", "SOLID\Ex12_SingleResponsibilityPrinciple\Ex12_SingleResponsibilityPrinciple.csproj", "{CF4B2CAC-810B-48CE-BD21-7EBDB35DB6DF}"
EndProject
Global
	GlobalSection(SolutionConfigurationPlatforms) = preSolution
		Debug|Any CPU = Debug|Any CPU
		Release|Any CPU = Release|Any CPU
	EndGlobalSection
	GlobalSection(ProjectConfigurationPlatforms) = postSolution
		{22D441AA-6443-4544-B936-7E0585D05024}.Debug|Any CPU.ActiveCfg = Debug|Any CPU
		{22D441AA-6443-4544-B936-7E0585D05024}.Debug|Any CPU.Build.0 = Debug|Any CPU
		{22D441AA-6443-4544-B936-7E0585D05024}.Release|Any CPU.ActiveCfg = Release|Any CPU
		{22D441AA-6443-4544-B936-7E0585D05024}.Release|Any CPU.Build.0 = Release|Any CPU
		{CF4B2CAC-810B-48CE-BD21-7EBDB35DB6DF}.Debug|Any CPU.ActiveCfg = Debug|Any CPU
		{CF4B2CAC-810B-48CE-BD21-7EBDB35DB6DF}.Debug|Any CPU.Build.0 = Debug|Any CPU
		{CF4B2CAC-810B-48CE-BD21-7EBDB35DB6DF}.Release|Any CPU.ActiveCfg = Release|Any CPU
		{CF4B2CAC-810B-48CE-BD21-7EBDB35DB6DF}.Release|Any CPU.Build.0 = Release|Any CPU
	EndGlobalSection
	GlobalSection(SolutionProperties) = preSolution
		HideSolutionNode = FALSE
	EndGlobalSection
	GlobalSection(NestedProjects) = preSolution
		{22D441AA-6443-4544-B936-7E0585D05024} = {13A7FFDF-CDEC-4088-968F-258E2B43BF49}
		{CF4B2CAC-810B-48CE-BD21-7EBDB35DB6DF} = {13A7FFDF-CDEC-4088-968F-258E2B43BF49}
	EndGlobalSection
	GlobalSection(ExtensibilityGlobals) = postSolution
		SolutionGuid = {F6F0B155-903E-4F3F-9A20-C9B6EB62ED9F}
	EndGlobalSection
EndGlobal
